<?xml version="1.0" encoding="utf-8"?>
<Project ToolsVersion="4.0" xmlns="http://schemas.microsoft.com/developer/msbuild/2003">
  <ItemGroup>
    <Filter Include="Quelldateien">
      <UniqueIdentifier>{4FC737F1-C7A5-4376-A066-2A32D752A2FF}</UniqueIdentifier>
      <Extensions>cpp;c;cc;cxx;c++;cppm;ixx;def;odl;idl;hpj;bat;asm;asmx</Extensions>
    </Filter>
    <Filter Include="Ressourcendateien">
      <UniqueIdentifier>{67DA6AB6-F800-4c08-8B7A-83BB121AAD01}</UniqueIdentifier>
      <Extensions>rc;ico;cur;bmp;dlg;rc2;rct;bin;rgs;gif;jpg;jpeg;jpe;resx;tiff;tif;png;wav;mfcribbon-ms</Extensions>
    </Filter>
    <Filter Include="Externe Implementierungen">
      <UniqueIdentifier>{93995380-89BD-4b04-88EB-625FBE52EBFB}</UniqueIdentifier>
      <Extensions>h;hh;hpp;hxx;h++;hm;inl;inc;ipp;xsd</Extensions>
    </Filter>
    <Filter Include="Quelldateien\Framework">
      <UniqueIdentifier>{c25236ca-04de-4c8c-95c0-f685554b295f}</UniqueIdentifier>
    </Filter>
    <Filter Include="Quelldateien\World">
      <UniqueIdentifier>{d4e98d7d-70c1-4871-b057-068e5700d7ba}</UniqueIdentifier>
    </Filter>
    <Filter Include="Quelldateien\Rendering">
      <UniqueIdentifier>{505a4384-f584-4fde-97b3-baad46a1fd3e}</UniqueIdentifier>
    </Filter>
    <Filter Include="Quelldateien\Object">
      <UniqueIdentifier>{09c46c7e-b96a-41be-a08c-012408d09c7f}</UniqueIdentifier>
    </Filter>
    <Filter Include="Quelldateien\Util">
      <UniqueIdentifier>{d176ab4f-ea42-49d5-a0a9-84045808900d}</UniqueIdentifier>
    </Filter>
    <Filter Include="Quelldateien\Collision">
      <UniqueIdentifier>{8abd5f3b-6218-486c-b02e-5b0d4eb73022}</UniqueIdentifier>
    </Filter>
    <Filter Include="Quelldateien\Projectile">
      <UniqueIdentifier>{a2ac2275-f9ef-45eb-a09f-2f0b76113334}</UniqueIdentifier>
    </Filter>
  </ItemGroup>
  <ItemGroup>
    <ClCompile Include="Main.cpp">
      <Filter>Quelldateien</Filter>
    </ClCompile>
    <ClCompile Include="..\libs\imgui-sfml-master\imgui-SFML.cpp">
      <Filter>Externe Implementierungen</Filter>
    </ClCompile>
    <ClCompile Include="..\libs\imgui-master\imgui.cpp">
      <Filter>Externe Implementierungen</Filter>
    </ClCompile>
    <ClCompile Include="..\libs\imgui-master\imgui_draw.cpp">
      <Filter>Externe Implementierungen</Filter>
    </ClCompile>
    <ClCompile Include="..\libs\imgui-master\imgui_tables.cpp">
      <Filter>Externe Implementierungen</Filter>
    </ClCompile>
    <ClCompile Include="..\libs\imgui-master\imgui_widgets.cpp">
      <Filter>Externe Implementierungen</Filter>
    </ClCompile>
    <ClCompile Include="Framework\Framework.cpp">
      <Filter>Quelldateien\Framework</Filter>
    </ClCompile>
    <ClCompile Include="World\Chunk.cpp">
      <Filter>Quelldateien\World</Filter>
    </ClCompile>
    <ClCompile Include="Engine.cpp">
      <Filter>Quelldateien</Filter>
    </ClCompile>
    <ClCompile Include="Rendering\ManagerRenderer.cpp">
      <Filter>Quelldateien\Rendering</Filter>
    </ClCompile>
    <ClCompile Include="World\ManagerWorld.cpp">
      <Filter>Quelldateien\World</Filter>
    </ClCompile>
    <ClCompile Include="World\BlockSource.cpp">
      <Filter>Quelldateien\World</Filter>
    </ClCompile>
    <ClCompile Include="Object\ManagerObject.cpp">
      <Filter>Quelldateien\Object</Filter>
    </ClCompile>
    <ClCompile Include="Util\Loader.cpp">
      <Filter>Quelldateien\Util</Filter>
    </ClCompile>
    <ClCompile Include="Object\ObjectBase.cpp">
      <Filter>Quelldateien\Object</Filter>
    </ClCompile>
    <ClCompile Include="Object\ObjectSource.cpp">
      <Filter>Quelldateien\Object</Filter>
    </ClCompile>
    <ClCompile Include="Object\ManagerPlayer.cpp">
      <Filter>Quelldateien\Object</Filter>
    </ClCompile>
    <ClCompile Include="Collision\ManagerCollision.cpp">
      <Filter>Quelldateien\Collision</Filter>
    </ClCompile>
    <ClCompile Include="Util\GuillotineBinPack.cpp">
      <Filter>Quelldateien\Util</Filter>
    </ClCompile>
    <ClCompile Include="Projectile\ManagerProjectiles.cpp">
      <Filter>Quelldateien\Projectile</Filter>
    </ClCompile>
    <ClCompile Include="Projectile\PorjectileBase.cpp">
      <Filter>Quelldateien\Projectile</Filter>
    </ClCompile>
    <ClCompile Include="Projectile\ProjectileSource.cpp">
      <Filter>Quelldateien\Projectile</Filter>
    </ClCompile>
    <ClCompile Include="Util\Source.cpp">
      <Filter>Quelldateien\Util</Filter>
    </ClCompile>
  </ItemGroup>
  <ItemGroup>
    <None Include="..\README.md" />
    <None Include="..\.gitignore" />
  </ItemGroup>
  <ItemGroup>
    <ClInclude Include="Framework\Framework.h">
      <Filter>Quelldateien\Framework</Filter>
    </ClInclude>
    <ClInclude Include="World\Chunk.h">
      <Filter>Quelldateien\World</Filter>
    </ClInclude>
    <ClInclude Include="Engine.h">
      <Filter>Quelldateien</Filter>
    </ClInclude>
    <ClInclude Include="Rendering\ManagerRenderer.h">
      <Filter>Quelldateien\Rendering</Filter>
    </ClInclude>
    <ClInclude Include="World\ManagerWorld.h">
      <Filter>Quelldateien\World</Filter>
    </ClInclude>
    <ClInclude Include="World\Noise.h">
      <Filter>Quelldateien\World</Filter>
    </ClInclude>
    <ClInclude Include="World\WorldConstants.h">
      <Filter>Quelldateien\World</Filter>
    </ClInclude>
    <ClInclude Include="World\BlockSource.h">
      <Filter>Quelldateien\World</Filter>
    </ClInclude>
    <ClInclude Include="Object\ManagerObject.h">
      <Filter>Quelldateien\Object</Filter>
    </ClInclude>
    <ClInclude Include="Util\Loader.h">
      <Filter>Quelldateien\Util</Filter>
    </ClInclude>
    <ClInclude Include="Object\ObjectBase.h">
      <Filter>Quelldateien\Object</Filter>
    </ClInclude>
    <ClInclude Include="Object\ObjectSource.h">
      <Filter>Quelldateien\Object</Filter>
    </ClInclude>
    <ClInclude Include="Object\ManagerPlayer.h">
      <Filter>Quelldateien\Object</Filter>
    </ClInclude>
    <ClInclude Include="Collision\ManagerCollision.h">
      <Filter>Quelldateien\Collision</Filter>
    </ClInclude>
    <ClInclude Include="Util\Math.h">
      <Filter>Quelldateien\Util</Filter>
    </ClInclude>
    <ClInclude Include="Util\Utils.h">
      <Filter>Quelldateien\Util</Filter>
    </ClInclude>
    <ClInclude Include="Util\GuillotineBinPack.h">
      <Filter>Quelldateien\Util</Filter>
    </ClInclude>
    <ClInclude Include="Projectile\ManagerProjectiles.h">
      <Filter>Quelldateien\Projectile</Filter>
    </ClInclude>
    <ClInclude Include="Projectile\ProjectileBase.h">
      <Filter>Quelldateien\Projectile</Filter>
    </ClInclude>
    <ClInclude Include="Projectile\ProjectileSource.h">
      <Filter>Quelldateien\Projectile</Filter>
    </ClInclude>
    <ClInclude Include="Util\Source.h">
      <Filter>Quelldateien\Util</Filter>
    </ClInclude>
  </ItemGroup>
</Project>